
Microsoft Visual Studio Solution File, Format Version 12.00
# Visual Studio 15
VisualStudioVersion = 15.0.26228.10
MinimumVisualStudioVersion = 10.0.40219.1
Project("{FAE04EC0-301F-11D3-BF4B-00C04F79EFBC}") = "ForumDEG.Android", "ForumDEG\ForumDEG.Android\ForumDEG.Android.csproj", "{7CB02337-4FF1-44C0-BD2A-69E2A617197C}"
EndProject
Project("{FAE04EC0-301F-11D3-BF4B-00C04F79EFBC}") = "ForumDEG", "ForumDEG\ForumDEG\ForumDEG.csproj", "{61C64A12-1511-43F2-A75F-0193C0E61539}"
EndProject
Project("{FAE04EC0-301F-11D3-BF4B-00C04F79EFBC}") = "ForumDEG.iOS", "ForumDEG\ForumDEG.iOS\ForumDEG.iOS.csproj", "{2B8ACB78-8510-4AC6-8C78-5055321F0991}"
EndProject
Global
	GlobalSection(SolutionConfigurationPlatforms) = preSolution
		Ad-Hoc|Any CPU = Ad-Hoc|Any CPU
		Ad-Hoc|iPhone = Ad-Hoc|iPhone
		Ad-Hoc|iPhoneSimulator = Ad-Hoc|iPhoneSimulator
		AppStore|Any CPU = AppStore|Any CPU
		AppStore|iPhone = AppStore|iPhone
		AppStore|iPhoneSimulator = AppStore|iPhoneSimulator
		Debug|Any CPU = Debug|Any CPU
		Debug|iPhone = Debug|iPhone
		Debug|iPhoneSimulator = Debug|iPhoneSimulator
		Release|Any CPU = Release|Any CPU
		Release|iPhone = Release|iPhone
		Release|iPhoneSimulator = Release|iPhoneSimulator
	EndGlobalSection
	GlobalSection(ProjectConfigurationPlatforms) = postSolution
		{7CB02337-4FF1-44C0-BD2A-69E2A617197C}.Ad-Hoc|Any CPU.ActiveCfg = Release|Any CPU
		{7CB02337-4FF1-44C0-BD2A-69E2A617197C}.Ad-Hoc|Any CPU.Build.0 = Release|Any CPU
		{7CB02337-4FF1-44C0-BD2A-69E2A617197C}.Ad-Hoc|Any CPU.Deploy.0 = Release|Any CPU
		{7CB02337-4FF1-44C0-BD2A-69E2A617197C}.Ad-Hoc|iPhone.ActiveCfg = Release|Any CPU
		{7CB02337-4FF1-44C0-BD2A-69E2A617197C}.Ad-Hoc|iPhone.Build.0 = Release|Any CPU
		{7CB02337-4FF1-44C0-BD2A-69E2A617197C}.Ad-Hoc|iPhone.Deploy.0 = Release|Any CPU
		{7CB02337-4FF1-44C0-BD2A-69E2A617197C}.Ad-Hoc|iPhoneSimulator.ActiveCfg = Release|Any CPU
		{7CB02337-4FF1-44C0-BD2A-69E2A617197C}.Ad-Hoc|iPhoneSimulator.Build.0 = Release|Any CPU
		{7CB02337-4FF1-44C0-BD2A-69E2A617197C}.Ad-Hoc|iPhoneSimulator.Deploy.0 = Release|Any CPU
		{7CB02337-4FF1-44C0-BD2A-69E2A617197C}.AppStore|Any CPU.ActiveCfg = Release|Any CPU
		{7CB02337-4FF1-44C0-BD2A-69E2A617197C}.AppStore|Any CPU.Build.0 = Release|Any CPU
		{7CB02337-4FF1-44C0-BD2A-69E2A617197C}.AppStore|Any CPU.Deploy.0 = Release|Any CPU
		{7CB02337-4FF1-44C0-BD2A-69E2A617197C}.AppStore|iPhone.ActiveCfg = Release|Any CPU
		{7CB02337-4FF1-44C0-BD2A-69E2A617197C}.AppStore|iPhone.Build.0 = Release|Any CPU
		{7CB02337-4FF1-44C0-BD2A-69E2A617197C}.AppStore|iPhone.Deploy.0 = Release|Any CPU
		{7CB02337-4FF1-44C0-BD2A-69E2A617197C}.AppStore|iPhoneSimulator.ActiveCfg = Release|Any CPU
		{7CB02337-4FF1-44C0-BD2A-69E2A617197C}.AppStore|iPhoneSimulator.Build.0 = Release|Any CPU
		{7CB02337-4FF1-44C0-BD2A-69E2A617197C}.AppStore|iPhoneSimulator.Deploy.0 = Release|Any CPU
		{7CB02337-4FF1-44C0-BD2A-69E2A617197C}.Debug|Any CPU.ActiveCfg = Debug|Any CPU
		{7CB02337-4FF1-44C0-BD2A-69E2A617197C}.Debug|Any CPU.Build.0 = Debug|Any CPU
		{7CB02337-4FF1-44C0-BD2A-69E2A617197C}.Debug|Any CPU.Deploy.0 = Debug|Any CPU
		{7CB02337-4FF1-44C0-BD2A-69E2A617197C}.Debug|iPhone.ActiveCfg = Debug|Any CPU
		{7CB02337-4FF1-44C0-BD2A-69E2A617197C}.Debug|iPhone.Build.0 = Debug|Any CPU
		{7CB02337-4FF1-44C0-BD2A-69E2A617197C}.Debug|iPhone.Deploy.0 = Debug|Any CPU
		{7CB02337-4FF1-44C0-BD2A-69E2A617197C}.Debug|iPhoneSimulator.ActiveCfg = Debug|Any CPU
		{7CB02337-4FF1-44C0-BD2A-69E2A617197C}.Debug|iPhoneSimulator.Build.0 = Debug|Any CPU
		{7CB02337-4FF1-44C0-BD2A-69E2A617197C}.Debug|iPhoneSimulator.Deploy.0 = Debug|Any CPU
		{7CB02337-4FF1-44C0-BD2A-69E2A617197C}.Release|Any CPU.ActiveCfg = Release|Any CPU
		{7CB02337-4FF1-44C0-BD2A-69E2A617197C}.Release|Any CPU.Build.0 = Release|Any CPU
		{7CB02337-4FF1-44C0-BD2A-69E2A617197C}.Release|Any CPU.Deploy.0 = Release|Any CPU
		{7CB02337-4FF1-44C0-BD2A-69E2A617197C}.Release|iPhone.ActiveCfg = Release|Any CPU
		{7CB02337-4FF1-44C0-BD2A-69E2A617197C}.Release|iPhone.Build.0 = Release|Any CPU
		{7CB02337-4FF1-44C0-BD2A-69E2A617197C}.Release|iPhone.Deploy.0 = Release|Any CPU
		{7CB02337-4FF1-44C0-BD2A-69E2A617197C}.Release|iPhoneSimulator.ActiveCfg = Release|Any CPU
		{7CB02337-4FF1-44C0-BD2A-69E2A617197C}.Release|iPhoneSimulator.Build.0 = Release|Any CPU
		{7CB02337-4FF1-44C0-BD2A-69E2A617197C}.Release|iPhoneSimulator.Deploy.0 = Release|Any CPU
		{61C64A12-1511-43F2-A75F-0193C0E61539}.Ad-Hoc|Any CPU.ActiveCfg = Release|Any CPU
		{61C64A12-1511-43F2-A75F-0193C0E61539}.Ad-Hoc|Any CPU.Build.0 = Release|Any CPU
		{61C64A12-1511-43F2-A75F-0193C0E61539}.Ad-Hoc|iPhone.ActiveCfg = Release|Any CPU
		{61C64A12-1511-43F2-A75F-0193C0E61539}.Ad-Hoc|iPhone.Build.0 = Release|Any CPU
		{61C64A12-1511-43F2-A75F-0193C0E61539}.Ad-Hoc|iPhoneSimulator.ActiveCfg = Release|Any CPU
		{61C64A12-1511-43F2-A75F-0193C0E61539}.Ad-Hoc|iPhoneSimulator.Build.0 = Release|Any CPU
		{61C64A12-1511-43F2-A75F-0193C0E61539}.AppStore|Any CPU.ActiveCfg = Release|Any CPU
		{61C64A12-1511-43F2-A75F-0193C0E61539}.AppStore|Any CPU.Build.0 = Release|Any CPU
		{61C64A12-1511-43F2-A75F-0193C0E61539}.AppStore|iPhone.ActiveCfg = Release|Any CPU
		{61C64A12-1511-43F2-A75F-0193C0E61539}.AppStore|iPhone.Build.0 = Release|Any CPU
		{61C64A12-1511-43F2-A75F-0193C0E61539}.AppStore|iPhoneSimulator.ActiveCfg = Release|Any CPU
		{61C64A12-1511-43F2-A75F-0193C0E61539}.AppStore|iPhoneSimulator.Build.0 = Release|Any CPU
		{61C64A12-1511-43F2-A75F-0193C0E61539}.Debug|Any CPU.ActiveCfg = Debug|Any CPU
		{61C64A12-1511-43F2-A75F-0193C0E61539}.Debug|Any CPU.Build.0 = Debug|Any CPU
		{61C64A12-1511-43F2-A75F-0193C0E61539}.Debug|iPhone.ActiveCfg = Debug|Any CPU
		{61C64A12-1511-43F2-A75F-0193C0E61539}.Debug|iPhone.Build.0 = Debug|Any CPU
		{61C64A12-1511-43F2-A75F-0193C0E61539}.Debug|iPhoneSimulator.ActiveCfg = Debug|Any CPU
		{61C64A12-1511-43F2-A75F-0193C0E61539}.Debug|iPhoneSimulator.Build.0 = Debug|Any CPU
		{61C64A12-1511-43F2-A75F-0193C0E61539}.Release|Any CPU.ActiveCfg = Release|Any CPU
		{61C64A12-1511-43F2-A75F-0193C0E61539}.Release|Any CPU.Build.0 = Release|Any CPU
		{61C64A12-1511-43F2-A75F-0193C0E61539}.Release|iPhone.ActiveCfg = Release|Any CPU
		{61C64A12-1511-43F2-A75F-0193C0E61539}.Release|iPhone.Build.0 = Release|Any CPU
		{61C64A12-1511-43F2-A75F-0193C0E61539}.Release|iPhoneSimulator.ActiveCfg = Release|Any CPU
		{61C64A12-1511-43F2-A75F-0193C0E61539}.Release|iPhoneSimulator.Build.0 = Release|Any CPU
		{2B8ACB78-8510-4AC6-8C78-5055321F0991}.Ad-Hoc|Any CPU.ActiveCfg = Ad-Hoc|iPhone
		{2B8ACB78-8510-4AC6-8C78-5055321F0991}.Ad-Hoc|iPhone.ActiveCfg = Ad-Hoc|iPhone
		{2B8ACB78-8510-4AC6-8C78-5055321F0991}.Ad-Hoc|iPhone.Build.0 = Ad-Hoc|iPhone
		{2B8ACB78-8510-4AC6-8C78-5055321F0991}.Ad-Hoc|iPhoneSimulator.ActiveCfg = Ad-Hoc|iPhoneSimulator
		{2B8ACB78-8510-4AC6-8C78-5055321F0991}.Ad-Hoc|iPhoneSimulator.Build.0 = Ad-Hoc|iPhoneSimulator
		{2B8ACB78-8510-4AC6-8C78-5055321F0991}.AppStore|Any CPU.ActiveCfg = AppStore|iPhone
		{2B8ACB78-8510-4AC6-8C78-5055321F0991}.AppStore|iPhone.ActiveCfg = AppStore|iPhone
		{2B8ACB78-8510-4AC6-8C78-5055321F0991}.AppStore|iPhone.Build.0 = AppStore|iPhone
		{2B8ACB78-8510-4AC6-8C78-5055321F0991}.AppStore|iPhoneSimulator.ActiveCfg = AppStore|iPhoneSimulator
		{2B8ACB78-8510-4AC6-8C78-5055321F0991}.AppStore|iPhoneSimulator.Build.0 = AppStore|iPhoneSimulator
		{2B8ACB78-8510-4AC6-8C78-5055321F0991}.Debug|Any CPU.ActiveCfg = Debug|iPhone
		{2B8ACB78-8510-4AC6-8C78-5055321F0991}.Debug|iPhone.ActiveCfg = Debug|iPhone
		{2B8ACB78-8510-4AC6-8C78-5055321F0991}.Debug|iPhone.Build.0 = Debug|iPhone
		{2B8ACB78-8510-4AC6-8C78-5055321F0991}.Debug|iPhoneSimulator.ActiveCfg = Debug|iPhoneSimulator
		{2B8ACB78-8510-4AC6-8C78-5055321F0991}.Debug|iPhoneSimulator.Build.0 = Debug|iPhoneSimulator
		{2B8ACB78-8510-4AC6-8C78-5055321F0991}.Release|Any CPU.ActiveCfg = Release|iPhone
		{2B8ACB78-8510-4AC6-8C78-5055321F0991}.Release|iPhone.ActiveCfg = Release|iPhone
		{2B8ACB78-8510-4AC6-8C78-5055321F0991}.Release|iPhone.Build.0 = Release|iPhone
		{2B8ACB78-8510-4AC6-8C78-5055321F0991}.Release|iPhoneSimulator.ActiveCfg = Release|iPhoneSimulator
		{2B8ACB78-8510-4AC6-8C78-5055321F0991}.Release|iPhoneSimulator.Build.0 = Release|iPhoneSimulator
	EndGlobalSection
	GlobalSection(SolutionProperties) = preSolution
		HideSolutionNode = FALSE
	EndGlobalSection
EndGlobal
